
Microsoft Visual Studio Solution File, Format Version 12.00
# Visual Studio Version 16
VisualStudioVersion = 16.0.31313.79
MinimumVisualStudioVersion = 10.0.40219.1
Project("{8BC9CEB8-8B4A-11D0-8D11-00A0C91BC942}") = "Eclipse", "Eclipse\Eclipse.vcxproj", "{8A89FEB1-F668-7D4D-FF80-08246BDFE3AE}"
EndProject
Global
	GlobalSection(SolutionConfigurationPlatforms) = preSolution
		Debug|x64 = Debug|x64
		Dist|x64 = Dist|x64
		Release|x64 = Release|x64
	EndGlobalSection
	GlobalSection(ProjectConfigurationPlatforms) = postSolution
		{8A89FEB1-F668-7D4D-FF80-08246BDFE3AE}.Debug|x64.ActiveCfg = Debug|x64
		{8A89FEB1-F668-7D4D-FF80-08246BDFE3AE}.Debug|x64.Build.0 = Debug|x64
		{8A89FEB1-F668-7D4D-FF80-08246BDFE3AE}.Dist|x64.ActiveCfg = Dist|x64
		{8A89FEB1-F668-7D4D-FF80-08246BDFE3AE}.Dist|x64.Build.0 = Dist|x64
		{8A89FEB1-F668-7D4D-FF80-08246BDFE3AE}.Release|x64.ActiveCfg = Release|x64
		{8A89FEB1-F668-7D4D-FF80-08246BDFE3AE}.Release|x64.Build.0 = Release|x64
	EndGlobalSection
	GlobalSection(SolutionProperties) = preSolution
		HideSolutionNode = FALSE
	EndGlobalSection
	GlobalSection(ExtensibilityGlobals) = postSolution
		SolutionGuid = {0D1DDB70-2A49-4C5B-A109-3E902F967BB9}
	EndGlobalSection
EndGlobal
