
Microsoft Visual Studio Solution File, Format Version 12.00
# Visual Studio Version 16
VisualStudioVersion = 16.0.31613.86
MinimumVisualStudioVersion = 10.0.40219.1
Project("{8BC9CEB8-8B4A-11D0-8D11-00A0C91BC942}") = "Eclipse", "Eclipse\Eclipse.vcxproj", "{8A89FEB1-F668-7D4D-FF80-08246BDFE3AE}"
EndProject
Project("{8BC9CEB8-8B4A-11D0-8D11-00A0C91BC942}") = "Compiler", "Compiler\Compiler.vcxproj", "{B08D9762-DBAD-42B2-9F7D-F1D2BF5B5FC0}"
EndProject
Global
	GlobalSection(SolutionConfigurationPlatforms) = preSolution
		Debug|x64 = Debug|x64
		Debug|x86 = Debug|x86
		Dist|x64 = Dist|x64
		Dist|x86 = Dist|x86
		Release|x64 = Release|x64
		Release|x86 = Release|x86
	EndGlobalSection
	GlobalSection(ProjectConfigurationPlatforms) = postSolution
		{8A89FEB1-F668-7D4D-FF80-08246BDFE3AE}.Debug|x64.ActiveCfg = Debug|x64
		{8A89FEB1-F668-7D4D-FF80-08246BDFE3AE}.Debug|x64.Build.0 = Debug|x64
		{8A89FEB1-F668-7D4D-FF80-08246BDFE3AE}.Debug|x86.ActiveCfg = Debug|x64
		{8A89FEB1-F668-7D4D-FF80-08246BDFE3AE}.Dist|x64.ActiveCfg = Dist|x64
		{8A89FEB1-F668-7D4D-FF80-08246BDFE3AE}.Dist|x64.Build.0 = Dist|x64
		{8A89FEB1-F668-7D4D-FF80-08246BDFE3AE}.Dist|x86.ActiveCfg = Dist|x64
		{8A89FEB1-F668-7D4D-FF80-08246BDFE3AE}.Release|x64.ActiveCfg = Release|x64
		{8A89FEB1-F668-7D4D-FF80-08246BDFE3AE}.Release|x64.Build.0 = Release|x64
		{8A89FEB1-F668-7D4D-FF80-08246BDFE3AE}.Release|x86.ActiveCfg = Release|x64
		{B08D9762-DBAD-42B2-9F7D-F1D2BF5B5FC0}.Debug|x64.ActiveCfg = Debug|x64
		{B08D9762-DBAD-42B2-9F7D-F1D2BF5B5FC0}.Debug|x64.Build.0 = Debug|x64
		{B08D9762-DBAD-42B2-9F7D-F1D2BF5B5FC0}.Debug|x86.ActiveCfg = Debug|Win32
		{B08D9762-DBAD-42B2-9F7D-F1D2BF5B5FC0}.Debug|x86.Build.0 = Debug|Win32
		{B08D9762-DBAD-42B2-9F7D-F1D2BF5B5FC0}.Dist|x64.ActiveCfg = Debug|x64
		{B08D9762-DBAD-42B2-9F7D-F1D2BF5B5FC0}.Dist|x64.Build.0 = Debug|x64
		{B08D9762-DBAD-42B2-9F7D-F1D2BF5B5FC0}.Dist|x86.ActiveCfg = Debug|Win32
		{B08D9762-DBAD-42B2-9F7D-F1D2BF5B5FC0}.Dist|x86.Build.0 = Debug|Win32
		{B08D9762-DBAD-42B2-9F7D-F1D2BF5B5FC0}.Release|x64.ActiveCfg = Release|x64
		{B08D9762-DBAD-42B2-9F7D-F1D2BF5B5FC0}.Release|x64.Build.0 = Release|x64
		{B08D9762-DBAD-42B2-9F7D-F1D2BF5B5FC0}.Release|x86.ActiveCfg = Release|Win32
		{B08D9762-DBAD-42B2-9F7D-F1D2BF5B5FC0}.Release|x86.Build.0 = Release|Win32
	EndGlobalSection
	GlobalSection(SolutionProperties) = preSolution
		HideSolutionNode = FALSE
	EndGlobalSection
	GlobalSection(ExtensibilityGlobals) = postSolution
		SolutionGuid = {7B0D5C75-2CD9-4F67-B534-588233458CFB}
	EndGlobalSection
EndGlobal
