<?xml version="1.0" encoding="utf-8"?>
<Project ToolsVersion="4.0" xmlns="http://schemas.microsoft.com/developer/msbuild/2003">
  <ItemGroup>
    <Filter Include="ECS">
      <UniqueIdentifier>{60E1870B-CCEA-877C-5566-9E7CC16E937C}</UniqueIdentifier>
    </Filter>
    <Filter Include="ECS\ComponentManager">
      <UniqueIdentifier>{5D4ADB5A-49D9-6424-F2F7-781FDE6575CA}</UniqueIdentifier>
    </Filter>
    <Filter Include="ECS\ComponentManager\Components">
      <UniqueIdentifier>{52DB8E7A-BEBE-9DBA-C7C1-CBF63324640B}</UniqueIdentifier>
    </Filter>
    <Filter Include="ECS\ComponentManager\Components\ComponentArray">
      <UniqueIdentifier>{93B086DE-7F2E-D777-6826-950F544319A0}</UniqueIdentifier>
    </Filter>
    <Filter Include="ECS\EntityManager">
      <UniqueIdentifier>{07AF5F17-73C5-5DAD-BC3C-E9CE28922E35}</UniqueIdentifier>
    </Filter>
    <Filter Include="ECS\SystemManager">
      <UniqueIdentifier>{CF24BE49-3B3B-BCDF-84B2-4701F0078D67}</UniqueIdentifier>
    </Filter>
    <Filter Include="ECS\SystemManager\Systems">
      <UniqueIdentifier>{D6D91B50-429C-4FDA-8B4C-DE66F74D28B8}</UniqueIdentifier>
    </Filter>
    <Filter Include="ECS\SystemManager\Systems\System">
      <UniqueIdentifier>{2AA091FC-16F1-7C3E-3F55-6B002B0510A8}</UniqueIdentifier>
    </Filter>
    <Filter Include="Engine">
      <UniqueIdentifier>{DBC7D3B0-C769-FE86-B024-12DB9C6585D7}</UniqueIdentifier>
    </Filter>
    <Filter Include="EntryPoint">
      <UniqueIdentifier>{419769CF-2D4F-AB1C-9656-8478822D460D}</UniqueIdentifier>
    </Filter>
    <Filter Include="Graphics">
      <UniqueIdentifier>{1653CE33-0220-293F-2B39-17E717655ECD}</UniqueIdentifier>
    </Filter>
    <Filter Include="Graphics\FrameBuffer">
      <UniqueIdentifier>{2AC125F8-1650-AFC1-BF6E-C3BCABDCBF67}</UniqueIdentifier>
    </Filter>
    <Filter Include="Graphics\InputHandler">
      <UniqueIdentifier>{73B368D2-DF1F-24CD-A813-BC2A143F4635}</UniqueIdentifier>
    </Filter>
    <Filter Include="Graphics\ModelFactory">
      <UniqueIdentifier>{0EA78BA6-7A13-47A1-4307-DFFEAF326909}</UniqueIdentifier>
    </Filter>
    <Filter Include="Graphics\ModelFactory\BasicPrimitives">
      <UniqueIdentifier>{EBF9626C-57BE-615C-2024-92268CA7FD91}</UniqueIdentifier>
    </Filter>
    <Filter Include="Graphics\Parser">
      <UniqueIdentifier>{D2DA64A9-3E66-D26D-4777-5562B3812E6E}</UniqueIdentifier>
    </Filter>
    <Filter Include="Graphics\RendererAPI">
      <UniqueIdentifier>{162DD20E-02BC-5BD8-ABDA-6FD397486C7E}</UniqueIdentifier>
    </Filter>
    <Filter Include="Graphics\Still_Cleaning">
      <UniqueIdentifier>{8D0DF743-F944-3FDB-024F-A3FE6E0566D4}</UniqueIdentifier>
    </Filter>
    <Filter Include="Mono">
      <UniqueIdentifier>{7E2F897C-6A66-8A0D-1353-7010FF68060F}</UniqueIdentifier>
    </Filter>
    <Filter Include="Mono\Manager">
      <UniqueIdentifier>{A8092495-946C-B339-3DF2-EBEF29347FBC}</UniqueIdentifier>
    </Filter>
    <Filter Include="SparseSet">
      <UniqueIdentifier>{FF3F5950-6BAA-0DC7-B4E8-BE6C2092EB1B}</UniqueIdentifier>
    </Filter>
    <Filter Include="TypeID">
      <UniqueIdentifier>{54109DD4-40B2-C7AA-296D-DBFE15AE4EFB}</UniqueIdentifier>
    </Filter>
  </ItemGroup>
  <ItemGroup>
    <ClInclude Include="src\ECS\ComponentManager\ComponentManager.h">
      <Filter>ECS\ComponentManager</Filter>
    </ClInclude>
    <ClInclude Include="src\ECS\ComponentManager\Components\ComponentArray\ComponentArray.h">
      <Filter>ECS\ComponentManager\Components\ComponentArray</Filter>
    </ClInclude>
    <ClInclude Include="src\ECS\ComponentManager\Components\ComponentArray\ComponentBase.h">
      <Filter>ECS\ComponentManager\Components\ComponentArray</Filter>
    </ClInclude>
    <ClInclude Include="src\ECS\ComponentManager\Components\RenderComponent.h">
      <Filter>ECS\ComponentManager\Components</Filter>
    </ClInclude>
    <ClInclude Include="src\ECS\ComponentManager\Components\TransformComponent.h">
      <Filter>ECS\ComponentManager\Components</Filter>
    </ClInclude>
    <ClInclude Include="src\ECS\EntityManager\EntityManager.h">
      <Filter>ECS\EntityManager</Filter>
    </ClInclude>
    <ClInclude Include="src\ECS\SystemManager\SystemManager.h">
      <Filter>ECS\SystemManager</Filter>
    </ClInclude>
    <ClInclude Include="src\ECS\SystemManager\Systems\System\RenderSystem.h">
      <Filter>ECS\SystemManager\Systems\System</Filter>
    </ClInclude>
    <ClInclude Include="src\ECS\SystemManager\Systems\System\System.h">
      <Filter>ECS\SystemManager\Systems\System</Filter>
    </ClInclude>
    <ClInclude Include="src\ECS\World.h">
      <Filter>ECS</Filter>
    </ClInclude>
    <ClInclude Include="src\Engine\Engine.h">
      <Filter>Engine</Filter>
    </ClInclude>
    <ClInclude Include="src\EntryPoint\EntryPoint.h">
      <Filter>EntryPoint</Filter>
    </ClInclude>
    <ClInclude Include="src\Global.h" />
    <ClInclude Include="src\Graphics\FrameBuffer\FrameBuffer.h">
      <Filter>Graphics\FrameBuffer</Filter>
    </ClInclude>
    <ClInclude Include="src\Graphics\FrameBuffer\WindowConstraint.h">
      <Filter>Graphics\FrameBuffer</Filter>
    </ClInclude>
    <ClInclude Include="src\Graphics\InputHandler\AllInputKeyCodes.h">
      <Filter>Graphics\InputHandler</Filter>
    </ClInclude>
    <ClInclude Include="src\Graphics\InputHandler\InputWrapper.h">
      <Filter>Graphics\InputHandler</Filter>
    </ClInclude>
    <ClInclude Include="src\Graphics\InputHandler\PrintOut.h">
      <Filter>Graphics\InputHandler</Filter>
    </ClInclude>
    <ClInclude Include="src\Graphics\ModelFactory\BasicPrimitives\AllBasicPrimitives.h">
      <Filter>Graphics\ModelFactory\BasicPrimitives</Filter>
    </ClInclude>
    <ClInclude Include="src\Graphics\ModelFactory\BasicPrimitives\Circle.h">
      <Filter>Graphics\ModelFactory\BasicPrimitives</Filter>
    </ClInclude>
    <ClInclude Include="src\Graphics\ModelFactory\BasicPrimitives\Cone.h">
      <Filter>Graphics\ModelFactory\BasicPrimitives</Filter>
    </ClInclude>
    <ClInclude Include="src\Graphics\ModelFactory\BasicPrimitives\Cube.h">
      <Filter>Graphics\ModelFactory\BasicPrimitives</Filter>
    </ClInclude>
    <ClInclude Include="src\Graphics\ModelFactory\BasicPrimitives\Cylinder.h">
      <Filter>Graphics\ModelFactory\BasicPrimitives</Filter>
    </ClInclude>
    <ClInclude Include="src\Graphics\ModelFactory\BasicPrimitives\LightQuad.h">
      <Filter>Graphics\ModelFactory\BasicPrimitives</Filter>
    </ClInclude>
    <ClInclude Include="src\Graphics\ModelFactory\BasicPrimitives\Lines.h">
      <Filter>Graphics\ModelFactory\BasicPrimitives</Filter>
    </ClInclude>
    <ClInclude Include="src\Graphics\ModelFactory\BasicPrimitives\Particles.h">
      <Filter>Graphics\ModelFactory\BasicPrimitives</Filter>
    </ClInclude>
    <ClInclude Include="src\Graphics\ModelFactory\BasicPrimitives\Plane.h">
      <Filter>Graphics\ModelFactory\BasicPrimitives</Filter>
    </ClInclude>
    <ClInclude Include="src\Graphics\ModelFactory\BasicPrimitives\Pyramid.h">
      <Filter>Graphics\ModelFactory\BasicPrimitives</Filter>
    </ClInclude>
    <ClInclude Include="src\Graphics\ModelFactory\BasicPrimitives\Quad.h">
      <Filter>Graphics\ModelFactory\BasicPrimitives</Filter>
    </ClInclude>
    <ClInclude Include="src\Graphics\ModelFactory\BasicPrimitives\Sphere.h">
      <Filter>Graphics\ModelFactory\BasicPrimitives</Filter>
    </ClInclude>
    <ClInclude Include="src\Graphics\ModelFactory\BasicPrimitives\Torus.h">
      <Filter>Graphics\ModelFactory\BasicPrimitives</Filter>
    </ClInclude>
    <ClInclude Include="src\Graphics\ModelFactory\BasicPrimitives\Triangle.h">
      <Filter>Graphics\ModelFactory\BasicPrimitives</Filter>
    </ClInclude>
    <ClInclude Include="src\Graphics\ModelFactory\IModel.h">
      <Filter>Graphics\ModelFactory</Filter>
    </ClInclude>
    <ClInclude Include="src\Graphics\ModelFactory\ModelFactory.h">
      <Filter>Graphics\ModelFactory</Filter>
    </ClInclude>
    <ClInclude Include="src\Graphics\ModelFactory\ModelGlobal.h">
      <Filter>Graphics\ModelFactory</Filter>
    </ClInclude>
    <ClInclude Include="src\Graphics\Parser\Parser.h">
      <Filter>Graphics\Parser</Filter>
    </ClInclude>
    <ClInclude Include="src\Graphics\RendererAPI\GLHelper.h">
      <Filter>Graphics\RendererAPI</Filter>
    </ClInclude>
    <ClInclude Include="src\Graphics\RendererAPI\Graphics.h">
      <Filter>Graphics\RendererAPI</Filter>
    </ClInclude>
    <ClInclude Include="src\Graphics\RendererAPI\Shader.h">
      <Filter>Graphics\RendererAPI</Filter>
    </ClInclude>
    <ClInclude Include="src\Graphics\RendererAPI\Texture.h">
      <Filter>Graphics\RendererAPI</Filter>
    </ClInclude>
    <ClInclude Include="src\Graphics\Still_Cleaning\AllComponents.h">
      <Filter>Graphics\Still_Cleaning</Filter>
    </ClInclude>
    <ClInclude Include="src\Graphics\Still_Cleaning\Global.h">
      <Filter>Graphics\Still_Cleaning</Filter>
    </ClInclude>
    <ClInclude Include="src\Graphics\Still_Cleaning\Math_Lib.h">
      <Filter>Graphics\Still_Cleaning</Filter>
    </ClInclude>
    <ClInclude Include="src\Graphics\Still_Cleaning\Matrix4.h">
      <Filter>Graphics\Still_Cleaning</Filter>
    </ClInclude>
    <ClInclude Include="src\Graphics\Still_Cleaning\Vec.h">
      <Filter>Graphics\Still_Cleaning</Filter>
    </ClInclude>
    <ClInclude Include="src\Mono\Manager\MonoManager.h">
      <Filter>Mono\Manager</Filter>
    </ClInclude>
    <ClInclude Include="src\SparseSet\SparseSet.hpp">
      <Filter>SparseSet</Filter>
    </ClInclude>
    <ClInclude Include="src\TypeID\TypeID.h">
      <Filter>TypeID</Filter>
    </ClInclude>
    <ClInclude Include="src\pch.h" />
    <ClInclude Include="..\Dep\IMGUI\imgui-master\imgui.h" />
    <ClInclude Include="..\Dep\IMGUI\imgui-master\imgui_internal.h" />
    <ClInclude Include="..\Dep\IMGUI\imgui-master\examples\imgui_impl_glfw.h" />
    <ClInclude Include="..\Dep\IMGUI\imgui-master\examples\imgui_impl_opengl3.h" />
  </ItemGroup>
  <ItemGroup>
    <ClCompile Include="src\ECS\ComponentManager\ComponentManager.cpp">
      <Filter>ECS\ComponentManager</Filter>
    </ClCompile>
    <ClCompile Include="src\ECS\ComponentManager\Components\ComponentArray\ComponentArray.cpp">
      <Filter>ECS\ComponentManager\Components\ComponentArray</Filter>
    </ClCompile>
    <ClCompile Include="src\ECS\EntityManager\EntityManager.cpp">
      <Filter>ECS\EntityManager</Filter>
    </ClCompile>
    <ClCompile Include="src\ECS\SystemManager\SystemManager.cpp">
      <Filter>ECS\SystemManager</Filter>
    </ClCompile>
    <ClCompile Include="src\ECS\SystemManager\Systems\System\RenderSystem.cpp">
      <Filter>ECS\SystemManager\Systems\System</Filter>
    </ClCompile>
    <ClCompile Include="src\ECS\World.cpp">
      <Filter>ECS</Filter>
    </ClCompile>
    <ClCompile Include="src\Engine\Engine.cpp">
      <Filter>Engine</Filter>
    </ClCompile>
    <ClCompile Include="src\EntryPoint\EntryPoint.cpp">
      <Filter>EntryPoint</Filter>
    </ClCompile>
    <ClCompile Include="src\Graphics\FrameBuffer\FrameBuffer.cpp">
      <Filter>Graphics\FrameBuffer</Filter>
    </ClCompile>
    <ClCompile Include="src\Graphics\FrameBuffer\WindowConstraint.cpp">
      <Filter>Graphics\FrameBuffer</Filter>
    </ClCompile>
    <ClCompile Include="src\Graphics\InputHandler\InputWrapper.cpp">
      <Filter>Graphics\InputHandler</Filter>
    </ClCompile>
    <ClCompile Include="src\Graphics\InputHandler\PrintOut.cpp">
      <Filter>Graphics\InputHandler</Filter>
    </ClCompile>
    <ClCompile Include="src\Graphics\ModelFactory\BasicPrimitives\Circle.cpp">
      <Filter>Graphics\ModelFactory\BasicPrimitives</Filter>
    </ClCompile>
    <ClCompile Include="src\Graphics\ModelFactory\BasicPrimitives\Cone.cpp">
      <Filter>Graphics\ModelFactory\BasicPrimitives</Filter>
    </ClCompile>
    <ClCompile Include="src\Graphics\ModelFactory\BasicPrimitives\Cube.cpp">
      <Filter>Graphics\ModelFactory\BasicPrimitives</Filter>
    </ClCompile>
    <ClCompile Include="src\Graphics\ModelFactory\BasicPrimitives\Cylinder.cpp">
      <Filter>Graphics\ModelFactory\BasicPrimitives</Filter>
    </ClCompile>
    <ClCompile Include="src\Graphics\ModelFactory\BasicPrimitives\LightQuad.cpp">
      <Filter>Graphics\ModelFactory\BasicPrimitives</Filter>
    </ClCompile>
    <ClCompile Include="src\Graphics\ModelFactory\BasicPrimitives\Lines.cpp">
      <Filter>Graphics\ModelFactory\BasicPrimitives</Filter>
    </ClCompile>
    <ClCompile Include="src\Graphics\ModelFactory\BasicPrimitives\Particles.cpp">
      <Filter>Graphics\ModelFactory\BasicPrimitives</Filter>
    </ClCompile>
    <ClCompile Include="src\Graphics\ModelFactory\BasicPrimitives\Plane.cpp">
      <Filter>Graphics\ModelFactory\BasicPrimitives</Filter>
    </ClCompile>
    <ClCompile Include="src\Graphics\ModelFactory\BasicPrimitives\Pyramid.cpp">
      <Filter>Graphics\ModelFactory\BasicPrimitives</Filter>
    </ClCompile>
    <ClCompile Include="src\Graphics\ModelFactory\BasicPrimitives\Quad.cpp">
      <Filter>Graphics\ModelFactory\BasicPrimitives</Filter>
    </ClCompile>
    <ClCompile Include="src\Graphics\ModelFactory\BasicPrimitives\Sphere.cpp">
      <Filter>Graphics\ModelFactory\BasicPrimitives</Filter>
    </ClCompile>
    <ClCompile Include="src\Graphics\ModelFactory\BasicPrimitives\Torus.cpp">
      <Filter>Graphics\ModelFactory\BasicPrimitives</Filter>
    </ClCompile>
    <ClCompile Include="src\Graphics\ModelFactory\BasicPrimitives\Triangle.cpp">
      <Filter>Graphics\ModelFactory\BasicPrimitives</Filter>
    </ClCompile>
    <ClCompile Include="src\Graphics\ModelFactory\ModelFactory.cpp">
      <Filter>Graphics\ModelFactory</Filter>
    </ClCompile>
    <ClCompile Include="src\Graphics\Parser\Parser.cpp">
      <Filter>Graphics\Parser</Filter>
    </ClCompile>
    <ClCompile Include="src\Graphics\RendererAPI\Graphics.cpp">
      <Filter>Graphics\RendererAPI</Filter>
    </ClCompile>
    <ClCompile Include="src\Graphics\RendererAPI\Shader.cpp">
      <Filter>Graphics\RendererAPI</Filter>
    </ClCompile>
    <ClCompile Include="src\Graphics\RendererAPI\Texture.cpp">
      <Filter>Graphics\RendererAPI</Filter>
    </ClCompile>
    <ClCompile Include="src\Graphics\RendererAPI\glhelper.cpp">
      <Filter>Graphics\RendererAPI</Filter>
    </ClCompile>
    <ClCompile Include="src\Graphics\RendererAPI\stb_image.cpp">
      <Filter>Graphics\RendererAPI</Filter>
    </ClCompile>
    <ClCompile Include="src\Mono\Manager\MonoManager.cpp">
      <Filter>Mono\Manager</Filter>
    </ClCompile>
    <ClCompile Include="src\pch.cpp" />
    <ClCompile Include="..\Dep\IMGUI\imgui-master\imgui.cpp" />
    <ClCompile Include="..\Dep\IMGUI\imgui-master\imgui_demo.cpp" />
    <ClCompile Include="..\Dep\IMGUI\imgui-master\imgui_draw.cpp" />
    <ClCompile Include="..\Dep\IMGUI\imgui-master\imgui_widgets.cpp" />
    <ClCompile Include="..\Dep\IMGUI\imgui-master\examples\imgui_impl_glfw.cpp" />
    <ClCompile Include="..\Dep\IMGUI\imgui-master\examples\imgui_impl_opengl3.cpp" />
  </ItemGroup>
  <ItemGroup>
    <None Include="src\Mono\ScriptAPI\EclipseBehavior.cs" />
    <None Include="src\Mono\ScriptAPI\IScriptable.cs" />
  </ItemGroup>
</Project>