<?xml version="1.0" encoding="utf-8"?>
<Project ToolsVersion="4.0" xmlns="http://schemas.microsoft.com/developer/msbuild/2003">
  <ItemGroup>
    <Filter Include="Dep">
      <UniqueIdentifier>{9EE1870B-0AEB-877C-9366-9E7CFF6E937C}</UniqueIdentifier>
    </Filter>
    <Filter Include="Dep\IMGUI">
      <UniqueIdentifier>{E8049539-546F-49B0-9DAD-FA5509572705}</UniqueIdentifier>
    </Filter>
    <Filter Include="Dep\IMGUI\imgui-master">
      <UniqueIdentifier>{EB9D08D7-D797-3129-C004-C839AC9D9795}</UniqueIdentifier>
    </Filter>
    <Filter Include="Dep\IMGUI\imgui-master\examples">
      <UniqueIdentifier>{F9C31209-65A7-2149-6EAA-4F85DA0CE899}</UniqueIdentifier>
    </Filter>
    <Filter Include="src">
      <UniqueIdentifier>{2DAB880B-99B4-887C-2230-9F7C8E38947C}</UniqueIdentifier>
    </Filter>
    <Filter Include="src\ECS">
      <UniqueIdentifier>{F76D2FA9-634D-AE44-6C65-391BD8C314A6}</UniqueIdentifier>
    </Filter>
    <Filter Include="src\ECS\ComponentManager">
      <UniqueIdentifier>{D4771A65-C09C-69E5-E9E7-4E75D56B6803}</UniqueIdentifier>
    </Filter>
    <Filter Include="src\ECS\ComponentManager\Components">
      <UniqueIdentifier>{6950F8C7-D509-6372-5E69-7D4CCA2119E2}</UniqueIdentifier>
    </Filter>
    <Filter Include="src\ECS\ComponentManager\Components\ComponentArray">
      <UniqueIdentifier>{CAECE577-B680-DB1F-1F45-35D40BF81512}</UniqueIdentifier>
    </Filter>
    <Filter Include="src\ECS\EntityManager">
      <UniqueIdentifier>{DEF76D6C-4A64-2967-1358-C1C47F834BCF}</UniqueIdentifier>
    </Filter>
    <Filter Include="src\ECS\SystemManager">
      <UniqueIdentifier>{A66DCC9E-12DA-8799-DBCD-1FF747F9A901}</UniqueIdentifier>
    </Filter>
    <Filter Include="src\ECS\SystemManager\Systems">
      <UniqueIdentifier>{AD0975A7-1922-5CD1-E2CE-EB6A4EA6F06A}</UniqueIdentifier>
    </Filter>
    <Filter Include="src\ECS\SystemManager\Systems\System">
      <UniqueIdentifier>{21B829F7-0D9F-EBEE-B6EF-510CA2B56455}</UniqueIdentifier>
    </Filter>
    <Filter Include="src\Editor">
      <UniqueIdentifier>{C3F37E0D-AFAB-C05A-18B3-99B6048A5B4B}</UniqueIdentifier>
    </Filter>
    <Filter Include="src\Editor\ECGuiAPI">
      <UniqueIdentifier>{F90F401B-6571-1D29-EEDE-63DB5A3F54E8}</UniqueIdentifier>
    </Filter>
    <Filter Include="src\Editor\Manager">
      <UniqueIdentifier>{ED4228F7-D926-E94C-4287-E39F2E8AD3CE}</UniqueIdentifier>
    </Filter>
    <Filter Include="src\Editor\Menu">
      <UniqueIdentifier>{C73A2BCC-33C6-9890-3CD7-1B85A8E1F490}</UniqueIdentifier>
    </Filter>
    <Filter Include="src\Editor\Windows">
      <UniqueIdentifier>{FDB0990B-E994-5A61-52F5-54B43EF844E3}</UniqueIdentifier>
    </Filter>
    <Filter Include="src\Editor\Windows\GameView">
      <UniqueIdentifier>{81D87383-EDE5-A169-76CC-9D54E2D86D20}</UniqueIdentifier>
    </Filter>
    <Filter Include="src\Editor\Windows\Inspector">
      <UniqueIdentifier>{032AD2C2-EFE4-C16E-989C-3AB984360CFF}</UniqueIdentifier>
    </Filter>
    <Filter Include="src\Editor\Windows\Interface">
      <UniqueIdentifier>{1D3910F7-09F4-FFA2-B2AB-78ED9E454A33}</UniqueIdentifier>
    </Filter>
    <Filter Include="src\Editor\Windows\Scene">
      <UniqueIdentifier>{DA27242B-C64C-73AB-EF97-583BDB1B72C9}</UniqueIdentifier>
    </Filter>
    <Filter Include="src\Engine">
      <UniqueIdentifier>{12A1320E-FE58-745B-6760-4DB753370F4C}</UniqueIdentifier>
    </Filter>
    <Filter Include="src\EntryPoint">
      <UniqueIdentifier>{F8337006-E401-640C-CD95-D432B9024071}</UniqueIdentifier>
    </Filter>
    <Filter Include="src\Events">
      <UniqueIdentifier>{7162C20E-5D1A-045C-C621-DDB7B2F89E4C}</UniqueIdentifier>
    </Filter>
    <Filter Include="src\Graphics">
      <UniqueIdentifier>{0D564864-F9B8-D708-A23E-10BF8E80A38B}</UniqueIdentifier>
    </Filter>
    <Filter Include="src\Graphics\Camera">
      <UniqueIdentifier>{E5F976A5-515B-54B3-DAC8-9A6546298B72}</UniqueIdentifier>
    </Filter>
    <Filter Include="src\Graphics\Debugging">
      <UniqueIdentifier>{08A811BE-F4A1-3A10-DD0E-D120C9A7A07C}</UniqueIdentifier>
    </Filter>
    <Filter Include="src\Graphics\FrameBuffer">
      <UniqueIdentifier>{A1EE6402-8D13-B482-B65E-9912A2E2B2A0}</UniqueIdentifier>
    </Filter>
    <Filter Include="src\Graphics\InputHandler">
      <UniqueIdentifier>{CA8F8D24-3652-C1AE-7F02-503BEB039A8C}</UniqueIdentifier>
    </Filter>
    <Filter Include="src\Graphics\Lighting">
      <UniqueIdentifier>{32087887-9E74-3382-6768-CBDFD39355EA}</UniqueIdentifier>
    </Filter>
    <Filter Include="src\Graphics\ModelFactory">
      <UniqueIdentifier>{6583B0F8-D145-E482-1AF6-720F86F7BC60}</UniqueIdentifier>
    </Filter>
    <Filter Include="src\Graphics\ModelFactory\BasicPrimitives">
      <UniqueIdentifier>{42A4CBAC-AEBE-2E4E-F7E0-3EE2633A5655}</UniqueIdentifier>
    </Filter>
    <Filter Include="src\Graphics\OpenGL">
      <UniqueIdentifier>{A10E80C2-0D70-5DD0-96DD-A382023E948F}</UniqueIdentifier>
    </Filter>
    <Filter Include="src\Graphics\Parser">
      <UniqueIdentifier>{E901CDC3-5563-AAD1-DED0-F0834A31E190}</UniqueIdentifier>
    </Filter>
    <Filter Include="src\Graphics\RendererAPI">
      <UniqueIdentifier>{8D5A1119-797F-6099-A2CA-45298E4E5FB7}</UniqueIdentifier>
    </Filter>
    <Filter Include="src\ImGui">
      <UniqueIdentifier>{170E22B3-8378-D629-CCB6-87CF3860B47E}</UniqueIdentifier>
    </Filter>
    <Filter Include="src\ImGui\ImGuiAPI">
      <UniqueIdentifier>{FB538D80-E737-4ED6-5098-48293C9B3858}</UniqueIdentifier>
    </Filter>
    <Filter Include="src\ImGui\Setup">
      <UniqueIdentifier>{F7C92912-6355-97D6-6C66-1ACBD870F3D6}</UniqueIdentifier>
    </Filter>
    <Filter Include="src\ImGui\Vendor">
      <UniqueIdentifier>{74F05E5E-60E9-7DB0-891B-633575735DBC}</UniqueIdentifier>
    </Filter>
    <Filter Include="src\Library">
      <UniqueIdentifier>{31E15EE3-9D96-D7D8-268B-D1AF923FCEDC}</UniqueIdentifier>
    </Filter>
    <Filter Include="src\Library\Math">
      <UniqueIdentifier>{AAAC9EFC-96A5-BD4E-BFD7-A2D3AB2F9D5A}</UniqueIdentifier>
    </Filter>
    <Filter Include="src\Library\Strings">
      <UniqueIdentifier>{EA119A78-5673-7786-DFE0-BD384B41AE45}</UniqueIdentifier>
    </Filter>
    <Filter Include="src\Logger">
      <UniqueIdentifier>{5CCC981E-4884-DA6B-B18B-B3C79D62755C}</UniqueIdentifier>
    </Filter>
    <Filter Include="src\Mono">
      <UniqueIdentifier>{F54E22CF-E11B-7DDA-0A35-6B82F660B268}</UniqueIdentifier>
    </Filter>
    <Filter Include="src\Mono\Manager">
      <UniqueIdentifier>{1FB044A8-0BA9-63FA-34DB-487F20334306}</UniqueIdentifier>
    </Filter>
    <Filter Include="src\Physics">
      <UniqueIdentifier>{9F8B9316-0B41-0C0C-9435-06E300EA0210}</UniqueIdentifier>
    </Filter>
    <Filter Include="src\Reflection">
      <UniqueIdentifier>{C7EBD53B-B3B9-C941-9C4D-3A6888BAA5A6}</UniqueIdentifier>
    </Filter>
    <Filter Include="src\SparseSet">
      <UniqueIdentifier>{D6A11390-4262-8FC6-0B9D-D843771CD4A2}</UniqueIdentifier>
    </Filter>
    <Filter Include="src\Time">
      <UniqueIdentifier>{EB0B26CF-D7D8-80DA-00F2-6E82EC1DB668}</UniqueIdentifier>
    </Filter>
    <Filter Include="src\TypeID">
      <UniqueIdentifier>{8BE9FB31-77A1-3D7F-E0A8-16DBCC7FD86F}</UniqueIdentifier>
    </Filter>
  </ItemGroup>
  <ItemGroup>
    <ClInclude Include="..\Dep\IMGUI\imgui-master\examples\imgui_impl_glfw.h">
      <Filter>Dep\IMGUI\imgui-master\examples</Filter>
    </ClInclude>
    <ClInclude Include="..\Dep\IMGUI\imgui-master\examples\imgui_impl_opengl3.h">
      <Filter>Dep\IMGUI\imgui-master\examples</Filter>
    </ClInclude>
    <ClInclude Include="..\Dep\IMGUI\imgui-master\imgui.h">
      <Filter>Dep\IMGUI\imgui-master</Filter>
    </ClInclude>
    <ClInclude Include="..\Dep\IMGUI\imgui-master\imgui_internal.h">
      <Filter>Dep\IMGUI\imgui-master</Filter>
    </ClInclude>
    <ClInclude Include="src\ECS\ComponentManager\ComponentManager.h">
      <Filter>src\ECS\ComponentManager</Filter>
    </ClInclude>
    <ClInclude Include="src\ECS\ComponentManager\Components\CameraComponent.h">
      <Filter>src\ECS\ComponentManager\Components</Filter>
    </ClInclude>
    <ClInclude Include="src\ECS\ComponentManager\Components\ComponentArray\ComponentArray.h">
      <Filter>src\ECS\ComponentManager\Components\ComponentArray</Filter>
    </ClInclude>
    <ClInclude Include="src\ECS\ComponentManager\Components\ComponentArray\ComponentBase.h">
      <Filter>src\ECS\ComponentManager\Components\ComponentArray</Filter>
    </ClInclude>
    <ClInclude Include="src\ECS\ComponentManager\Components\DirectionalLightComponent.h">
      <Filter>src\ECS\ComponentManager\Components</Filter>
    </ClInclude>
    <ClInclude Include="src\ECS\ComponentManager\Components\PointLightComponent.h">
      <Filter>src\ECS\ComponentManager\Components</Filter>
    </ClInclude>
    <ClInclude Include="src\ECS\ComponentManager\Components\RenderComponent.h">
      <Filter>src\ECS\ComponentManager\Components</Filter>
    </ClInclude>
    <ClInclude Include="src\ECS\ComponentManager\Components\RigidBodyComponent.h">
      <Filter>src\ECS\ComponentManager\Components</Filter>
    </ClInclude>
    <ClInclude Include="src\ECS\ComponentManager\Components\TransformComponent.h">
      <Filter>src\ECS\ComponentManager\Components</Filter>
    </ClInclude>
    <ClInclude Include="src\ECS\EntityManager\EntityManager.h">
      <Filter>src\ECS\EntityManager</Filter>
    </ClInclude>
    <ClInclude Include="src\ECS\SystemManager\SystemManager.h">
      <Filter>src\ECS\SystemManager</Filter>
    </ClInclude>
    <ClInclude Include="src\ECS\SystemManager\Systems\System\CameraSystem.h">
      <Filter>src\ECS\SystemManager\Systems\System</Filter>
    </ClInclude>
    <ClInclude Include="src\ECS\SystemManager\Systems\System\EditorSystem.h">
      <Filter>src\ECS\SystemManager\Systems\System</Filter>
    </ClInclude>
    <ClInclude Include="src\ECS\SystemManager\Systems\System\LightingSystem.h">
      <Filter>src\ECS\SystemManager\Systems\System</Filter>
    </ClInclude>
    <ClInclude Include="src\ECS\SystemManager\Systems\System\RenderSystem.h">
      <Filter>src\ECS\SystemManager\Systems\System</Filter>
    </ClInclude>
    <ClInclude Include="src\ECS\SystemManager\Systems\System\System.h">
      <Filter>src\ECS\SystemManager\Systems\System</Filter>
    </ClInclude>
    <ClInclude Include="src\ECS\World.h">
      <Filter>src\ECS</Filter>
    </ClInclude>
    <ClInclude Include="src\Editor\ECGuiAPI\ECGui.h">
      <Filter>src\Editor\ECGuiAPI</Filter>
    </ClInclude>
    <ClInclude Include="src\Editor\Manager\EditorManager.h">
      <Filter>src\Editor\Manager</Filter>
    </ClInclude>
    <ClInclude Include="src\Editor\Menu\MenuBar.h">
      <Filter>src\Editor\Menu</Filter>
    </ClInclude>
    <ClInclude Include="src\Editor\Menu\MenuComponent.h">
      <Filter>src\Editor\Menu</Filter>
    </ClInclude>
    <ClInclude Include="src\Editor\Windows\GameView\GameView.h">
      <Filter>src\Editor\Windows\GameView</Filter>
    </ClInclude>
    <ClInclude Include="src\Editor\Windows\Inspector\Inspector.h">
      <Filter>src\Editor\Windows\Inspector</Filter>
    </ClInclude>
    <ClInclude Include="src\Editor\Windows\Interface\ECGuiWindow.h">
      <Filter>src\Editor\Windows\Interface</Filter>
    </ClInclude>
    <ClInclude Include="src\Editor\Windows\Scene\Scene.h">
      <Filter>src\Editor\Windows\Scene</Filter>
    </ClInclude>
    <ClInclude Include="src\Engine\Engine.h">
      <Filter>src\Engine</Filter>
    </ClInclude>
    <ClInclude Include="src\EntryPoint\EntryPoint.h">
      <Filter>src\EntryPoint</Filter>
    </ClInclude>
    <ClInclude Include="src\Events\EventManager.h">
      <Filter>src\Events</Filter>
    </ClInclude>
    <ClInclude Include="src\Events\Events.h">
      <Filter>src\Events</Filter>
    </ClInclude>
    <ClInclude Include="src\Global.h">
      <Filter>src</Filter>
    </ClInclude>
    <ClInclude Include="src\Graphics\Camera\CameraManager.h">
      <Filter>src\Graphics\Camera</Filter>
    </ClInclude>
    <ClInclude Include="src\Graphics\Debugging\DebugRenderingManager.h">
      <Filter>src\Graphics\Debugging</Filter>
    </ClInclude>
    <ClInclude Include="src\Graphics\FrameBuffer\FrameBuffer.h">
      <Filter>src\Graphics\FrameBuffer</Filter>
    </ClInclude>
    <ClInclude Include="src\Graphics\FrameBuffer\WindowConstraint.h">
      <Filter>src\Graphics\FrameBuffer</Filter>
    </ClInclude>
    <ClInclude Include="src\Graphics\InputHandler\AllInputKeyCodes.h">
      <Filter>src\Graphics\InputHandler</Filter>
    </ClInclude>
    <ClInclude Include="src\Graphics\InputHandler\InputWrapper.h">
      <Filter>src\Graphics\InputHandler</Filter>
    </ClInclude>
    <ClInclude Include="src\Graphics\Lighting\DirectionalLight.h">
      <Filter>src\Graphics\Lighting</Filter>
    </ClInclude>
    <ClInclude Include="src\Graphics\Lighting\LightManager.h">
      <Filter>src\Graphics\Lighting</Filter>
    </ClInclude>
    <ClInclude Include="src\Graphics\Lighting\PointLight.h">
      <Filter>src\Graphics\Lighting</Filter>
    </ClInclude>
    <ClInclude Include="src\Graphics\ModelFactory\BasicPrimitives\AllBasicPrimitives.h">
      <Filter>src\Graphics\ModelFactory\BasicPrimitives</Filter>
    </ClInclude>
    <ClInclude Include="src\Graphics\ModelFactory\BasicPrimitives\Circle.h">
      <Filter>src\Graphics\ModelFactory\BasicPrimitives</Filter>
    </ClInclude>
    <ClInclude Include="src\Graphics\ModelFactory\BasicPrimitives\Cone.h">
      <Filter>src\Graphics\ModelFactory\BasicPrimitives</Filter>
    </ClInclude>
    <ClInclude Include="src\Graphics\ModelFactory\BasicPrimitives\Cube.h">
      <Filter>src\Graphics\ModelFactory\BasicPrimitives</Filter>
    </ClInclude>
    <ClInclude Include="src\Graphics\ModelFactory\BasicPrimitives\Cylinder.h">
      <Filter>src\Graphics\ModelFactory\BasicPrimitives</Filter>
    </ClInclude>
    <ClInclude Include="src\Graphics\ModelFactory\BasicPrimitives\Frustum.h">
      <Filter>src\Graphics\ModelFactory\BasicPrimitives</Filter>
    </ClInclude>
    <ClInclude Include="src\Graphics\ModelFactory\BasicPrimitives\LightQuad.h">
      <Filter>src\Graphics\ModelFactory\BasicPrimitives</Filter>
    </ClInclude>
    <ClInclude Include="src\Graphics\ModelFactory\BasicPrimitives\Lines.h">
      <Filter>src\Graphics\ModelFactory\BasicPrimitives</Filter>
    </ClInclude>
    <ClInclude Include="src\Graphics\ModelFactory\BasicPrimitives\Lines3D.h">
      <Filter>src\Graphics\ModelFactory\BasicPrimitives</Filter>
    </ClInclude>
    <ClInclude Include="src\Graphics\ModelFactory\BasicPrimitives\Particles.h">
      <Filter>src\Graphics\ModelFactory\BasicPrimitives</Filter>
    </ClInclude>
    <ClInclude Include="src\Graphics\ModelFactory\BasicPrimitives\Plane.h">
      <Filter>src\Graphics\ModelFactory\BasicPrimitives</Filter>
    </ClInclude>
    <ClInclude Include="src\Graphics\ModelFactory\BasicPrimitives\Pyramid.h">
      <Filter>src\Graphics\ModelFactory\BasicPrimitives</Filter>
    </ClInclude>
    <ClInclude Include="src\Graphics\ModelFactory\BasicPrimitives\Quad.h">
      <Filter>src\Graphics\ModelFactory\BasicPrimitives</Filter>
    </ClInclude>
    <ClInclude Include="src\Graphics\ModelFactory\BasicPrimitives\Sphere.h">
      <Filter>src\Graphics\ModelFactory\BasicPrimitives</Filter>
    </ClInclude>
    <ClInclude Include="src\Graphics\ModelFactory\BasicPrimitives\Torus.h">
      <Filter>src\Graphics\ModelFactory\BasicPrimitives</Filter>
    </ClInclude>
    <ClInclude Include="src\Graphics\ModelFactory\BasicPrimitives\Triangle.h">
      <Filter>src\Graphics\ModelFactory\BasicPrimitives</Filter>
    </ClInclude>
    <ClInclude Include="src\Graphics\ModelFactory\IModel.h">
      <Filter>src\Graphics\ModelFactory</Filter>
    </ClInclude>
    <ClInclude Include="src\Graphics\ModelFactory\ModelFactory.h">
      <Filter>src\Graphics\ModelFactory</Filter>
    </ClInclude>
    <ClInclude Include="src\Graphics\ModelFactory\ModelGlobal.h">
      <Filter>src\Graphics\ModelFactory</Filter>
    </ClInclude>
    <ClInclude Include="src\Graphics\OpenGL\OpenGL_Context.h">
      <Filter>src\Graphics\OpenGL</Filter>
    </ClInclude>
    <ClInclude Include="src\Graphics\Parser\Parser.h">
      <Filter>src\Graphics\Parser</Filter>
    </ClInclude>
    <ClInclude Include="src\Graphics\RendererAPI\Graphics.h">
      <Filter>src\Graphics\RendererAPI</Filter>
    </ClInclude>
    <ClInclude Include="src\Graphics\RendererAPI\GraphicsManager.h">
      <Filter>src\Graphics\RendererAPI</Filter>
    </ClInclude>
    <ClInclude Include="src\Graphics\RendererAPI\Renderer.h">
      <Filter>src\Graphics\RendererAPI</Filter>
    </ClInclude>
    <ClInclude Include="src\Graphics\RendererAPI\Shader.h">
      <Filter>src\Graphics\RendererAPI</Filter>
    </ClInclude>
    <ClInclude Include="src\Graphics\RendererAPI\Texture.h">
      <Filter>src\Graphics\RendererAPI</Filter>
    </ClInclude>
    <ClInclude Include="src\ImGui\ImGuiAPI\ImGuiAPI.h">
      <Filter>src\ImGui\ImGuiAPI</Filter>
    </ClInclude>
    <ClInclude Include="src\ImGui\Setup\ImGuiSetup.h">
      <Filter>src\ImGui\Setup</Filter>
    </ClInclude>
    <ClInclude Include="src\ImGui\Vendor\IconsFontAwesome.h">
      <Filter>src\ImGui\Vendor</Filter>
    </ClInclude>
    <ClInclude Include="src\ImGui\Vendor\IconsMaterialDesignIcons.h">
      <Filter>src\ImGui\Vendor</Filter>
    </ClInclude>
    <ClInclude Include="src\Library\Math\Matrix.h">
      <Filter>src\Library\Math</Filter>
    </ClInclude>
    <ClInclude Include="src\Library\Math\Vector.h">
      <Filter>src\Library\Math</Filter>
    </ClInclude>
    <ClInclude Include="src\Library\Strings\StringsConcatenate.h">
      <Filter>src\Library\Strings</Filter>
    </ClInclude>
    <ClInclude Include="src\Logger\Logger.h">
      <Filter>src\Logger</Filter>
    </ClInclude>
    <ClInclude Include="src\Mono\Manager\MonoManager.h">
      <Filter>src\Mono\Manager</Filter>
    </ClInclude>
    <ClInclude Include="src\Physics\PhysicsManager.h">
      <Filter>src\Physics</Filter>
    </ClInclude>
    <ClInclude Include="src\Reflection\complex_support.h">
      <Filter>src\Reflection</Filter>
    </ClInclude>
    <ClInclude Include="src\Reflection\primitive_support.h">
      <Filter>src\Reflection</Filter>
    </ClInclude>
    <ClInclude Include="src\Reflection\registration.h">
      <Filter>src\Reflection</Filter>
    </ClInclude>
    <ClInclude Include="src\SparseSet\SparseSet.hpp">
      <Filter>src\SparseSet</Filter>
    </ClInclude>
    <ClInclude Include="src\Time\Clock.h">
      <Filter>src\Time</Filter>
    </ClInclude>
    <ClInclude Include="src\TypeID\TypeID.h">
      <Filter>src\TypeID</Filter>
    </ClInclude>
    <ClInclude Include="src\pch.h">
      <Filter>src</Filter>
    </ClInclude>
  </ItemGroup>
  <ItemGroup>
    <ClCompile Include="..\Dep\IMGUI\imgui-master\examples\imgui_impl_glfw.cpp">
      <Filter>Dep\IMGUI\imgui-master\examples</Filter>
    </ClCompile>
    <ClCompile Include="..\Dep\IMGUI\imgui-master\examples\imgui_impl_opengl3.cpp">
      <Filter>Dep\IMGUI\imgui-master\examples</Filter>
    </ClCompile>
    <ClCompile Include="..\Dep\IMGUI\imgui-master\imgui.cpp">
      <Filter>Dep\IMGUI\imgui-master</Filter>
    </ClCompile>
    <ClCompile Include="..\Dep\IMGUI\imgui-master\imgui_demo.cpp">
      <Filter>Dep\IMGUI\imgui-master</Filter>
    </ClCompile>
    <ClCompile Include="..\Dep\IMGUI\imgui-master\imgui_draw.cpp">
      <Filter>Dep\IMGUI\imgui-master</Filter>
    </ClCompile>
    <ClCompile Include="..\Dep\IMGUI\imgui-master\imgui_widgets.cpp">
      <Filter>Dep\IMGUI\imgui-master</Filter>
    </ClCompile>
    <ClCompile Include="src\ECS\ComponentManager\ComponentManager.cpp">
      <Filter>src\ECS\ComponentManager</Filter>
    </ClCompile>
    <ClCompile Include="src\ECS\ComponentManager\Components\ComponentArray\ComponentArray.cpp">
      <Filter>src\ECS\ComponentManager\Components\ComponentArray</Filter>
    </ClCompile>
    <ClCompile Include="src\ECS\EntityManager\EntityManager.cpp">
      <Filter>src\ECS\EntityManager</Filter>
    </ClCompile>
    <ClCompile Include="src\ECS\SystemManager\SystemManager.cpp">
      <Filter>src\ECS\SystemManager</Filter>
    </ClCompile>
    <ClCompile Include="src\ECS\SystemManager\Systems\System\CameraSystem.cpp">
      <Filter>src\ECS\SystemManager\Systems\System</Filter>
    </ClCompile>
    <ClCompile Include="src\ECS\SystemManager\Systems\System\EditorSystem.cpp">
      <Filter>src\ECS\SystemManager\Systems\System</Filter>
    </ClCompile>
    <ClCompile Include="src\ECS\SystemManager\Systems\System\LightingSystem.cpp">
      <Filter>src\ECS\SystemManager\Systems\System</Filter>
    </ClCompile>
    <ClCompile Include="src\ECS\SystemManager\Systems\System\RenderSystem.cpp">
      <Filter>src\ECS\SystemManager\Systems\System</Filter>
    </ClCompile>
    <ClCompile Include="src\ECS\World.cpp">
      <Filter>src\ECS</Filter>
    </ClCompile>
    <ClCompile Include="src\Editor\ECGuiAPI\ECGui.cpp">
      <Filter>src\Editor\ECGuiAPI</Filter>
    </ClCompile>
    <ClCompile Include="src\Editor\Manager\EditorManager.cpp">
      <Filter>src\Editor\Manager</Filter>
    </ClCompile>
    <ClCompile Include="src\Editor\Menu\MenuBar.cpp">
      <Filter>src\Editor\Menu</Filter>
    </ClCompile>
    <ClCompile Include="src\Editor\Menu\MenuComponent.cpp">
      <Filter>src\Editor\Menu</Filter>
    </ClCompile>
    <ClCompile Include="src\Editor\Windows\GameView\GameView.cpp">
      <Filter>src\Editor\Windows\GameView</Filter>
    </ClCompile>
    <ClCompile Include="src\Editor\Windows\Inspector\Inspector.cpp">
      <Filter>src\Editor\Windows\Inspector</Filter>
    </ClCompile>
    <ClCompile Include="src\Editor\Windows\Scene\Scene.cpp">
      <Filter>src\Editor\Windows\Scene</Filter>
    </ClCompile>
    <ClCompile Include="src\Engine\Engine.cpp">
      <Filter>src\Engine</Filter>
    </ClCompile>
    <ClCompile Include="src\EntryPoint\EntryPoint.cpp">
      <Filter>src\EntryPoint</Filter>
    </ClCompile>
    <ClCompile Include="src\Graphics\Camera\CameraManager.cpp">
      <Filter>src\Graphics\Camera</Filter>
    </ClCompile>
    <ClCompile Include="src\Graphics\Debugging\DebugRenderingManager.cpp">
      <Filter>src\Graphics\Debugging</Filter>
    </ClCompile>
    <ClCompile Include="src\Graphics\FrameBuffer\FrameBuffer.cpp">
      <Filter>src\Graphics\FrameBuffer</Filter>
    </ClCompile>
    <ClCompile Include="src\Graphics\FrameBuffer\WindowConstraint.cpp">
      <Filter>src\Graphics\FrameBuffer</Filter>
    </ClCompile>
    <ClCompile Include="src\Graphics\InputHandler\InputWrapper.cpp">
      <Filter>src\Graphics\InputHandler</Filter>
    </ClCompile>
    <ClCompile Include="src\Graphics\Lighting\DirectionalLight.cpp">
      <Filter>src\Graphics\Lighting</Filter>
    </ClCompile>
    <ClCompile Include="src\Graphics\Lighting\LightManager.cpp">
      <Filter>src\Graphics\Lighting</Filter>
    </ClCompile>
    <ClCompile Include="src\Graphics\Lighting\PointLight.cpp">
      <Filter>src\Graphics\Lighting</Filter>
    </ClCompile>
    <ClCompile Include="src\Graphics\ModelFactory\BasicPrimitives\Circle.cpp">
      <Filter>src\Graphics\ModelFactory\BasicPrimitives</Filter>
    </ClCompile>
    <ClCompile Include="src\Graphics\ModelFactory\BasicPrimitives\Cone.cpp">
      <Filter>src\Graphics\ModelFactory\BasicPrimitives</Filter>
    </ClCompile>
    <ClCompile Include="src\Graphics\ModelFactory\BasicPrimitives\Cube.cpp">
      <Filter>src\Graphics\ModelFactory\BasicPrimitives</Filter>
    </ClCompile>
    <ClCompile Include="src\Graphics\ModelFactory\BasicPrimitives\Cylinder.cpp">
      <Filter>src\Graphics\ModelFactory\BasicPrimitives</Filter>
    </ClCompile>
    <ClCompile Include="src\Graphics\ModelFactory\BasicPrimitives\Frustum.cpp">
      <Filter>src\Graphics\ModelFactory\BasicPrimitives</Filter>
    </ClCompile>
    <ClCompile Include="src\Graphics\ModelFactory\BasicPrimitives\LightQuad.cpp">
      <Filter>src\Graphics\ModelFactory\BasicPrimitives</Filter>
    </ClCompile>
    <ClCompile Include="src\Graphics\ModelFactory\BasicPrimitives\Lines.cpp">
      <Filter>src\Graphics\ModelFactory\BasicPrimitives</Filter>
    </ClCompile>
    <ClCompile Include="src\Graphics\ModelFactory\BasicPrimitives\Lines3D.cpp">
      <Filter>src\Graphics\ModelFactory\BasicPrimitives</Filter>
    </ClCompile>
    <ClCompile Include="src\Graphics\ModelFactory\BasicPrimitives\Particles.cpp">
      <Filter>src\Graphics\ModelFactory\BasicPrimitives</Filter>
    </ClCompile>
    <ClCompile Include="src\Graphics\ModelFactory\BasicPrimitives\Plane.cpp">
      <Filter>src\Graphics\ModelFactory\BasicPrimitives</Filter>
    </ClCompile>
    <ClCompile Include="src\Graphics\ModelFactory\BasicPrimitives\Pyramid.cpp">
      <Filter>src\Graphics\ModelFactory\BasicPrimitives</Filter>
    </ClCompile>
    <ClCompile Include="src\Graphics\ModelFactory\BasicPrimitives\Quad.cpp">
      <Filter>src\Graphics\ModelFactory\BasicPrimitives</Filter>
    </ClCompile>
    <ClCompile Include="src\Graphics\ModelFactory\BasicPrimitives\Sphere.cpp">
      <Filter>src\Graphics\ModelFactory\BasicPrimitives</Filter>
    </ClCompile>
    <ClCompile Include="src\Graphics\ModelFactory\BasicPrimitives\Torus.cpp">
      <Filter>src\Graphics\ModelFactory\BasicPrimitives</Filter>
    </ClCompile>
    <ClCompile Include="src\Graphics\ModelFactory\BasicPrimitives\Triangle.cpp">
      <Filter>src\Graphics\ModelFactory\BasicPrimitives</Filter>
    </ClCompile>
    <ClCompile Include="src\Graphics\ModelFactory\ModelFactory.cpp">
      <Filter>src\Graphics\ModelFactory</Filter>
    </ClCompile>
    <ClCompile Include="src\Graphics\OpenGL\OpenGL_Context.cpp">
      <Filter>src\Graphics\OpenGL</Filter>
    </ClCompile>
    <ClCompile Include="src\Graphics\Parser\Parser.cpp">
      <Filter>src\Graphics\Parser</Filter>
    </ClCompile>
    <ClCompile Include="src\Graphics\RendererAPI\Graphics.cpp">
      <Filter>src\Graphics\RendererAPI</Filter>
    </ClCompile>
    <ClCompile Include="src\Graphics\RendererAPI\GraphicsManager.cpp">
      <Filter>src\Graphics\RendererAPI</Filter>
    </ClCompile>
    <ClCompile Include="src\Graphics\RendererAPI\Shader.cpp">
      <Filter>src\Graphics\RendererAPI</Filter>
    </ClCompile>
    <ClCompile Include="src\Graphics\RendererAPI\Texture.cpp">
      <Filter>src\Graphics\RendererAPI</Filter>
    </ClCompile>
    <ClCompile Include="src\Graphics\RendererAPI\stb_image.cpp">
      <Filter>src\Graphics\RendererAPI</Filter>
    </ClCompile>
    <ClCompile Include="src\ImGui\ImGuiAPI\ImGuiAPI.cpp">
      <Filter>src\ImGui\ImGuiAPI</Filter>
    </ClCompile>
    <ClCompile Include="src\ImGui\Setup\ImGuiSetup.cpp">
      <Filter>src\ImGui\Setup</Filter>
    </ClCompile>
    <ClCompile Include="src\Library\Math\Matrix.cpp">
      <Filter>src\Library\Math</Filter>
    </ClCompile>
    <ClCompile Include="src\Logger\Logger.cpp">
      <Filter>src\Logger</Filter>
    </ClCompile>
    <ClCompile Include="src\Mono\Manager\MonoManager.cpp">
      <Filter>src\Mono\Manager</Filter>
    </ClCompile>
    <ClCompile Include="src\Physics\PhysicsManager.cpp">
      <Filter>src\Physics</Filter>
    </ClCompile>
    <ClCompile Include="src\Time\Clock.cpp">
      <Filter>src\Time</Filter>
    </ClCompile>
    <ClCompile Include="src\pch.cpp">
      <Filter>src</Filter>
    </ClCompile>
  </ItemGroup>
</Project>