<?xml version="1.0" encoding="utf-8"?>
<Project ToolsVersion="4.0" xmlns="http://schemas.microsoft.com/developer/msbuild/2003">
  <ItemGroup>
    <Filter Include="Assimp">
      <UniqueIdentifier>{5234E0A7-3ED6-0A7E-2791-1ED213D291CE}</UniqueIdentifier>
    </Filter>
    <Filter Include="Compiler">
      <UniqueIdentifier>{40CAD6B7-2C97-31C3-55B0-1F6B41DC6651}</UniqueIdentifier>
    </Filter>
    <Filter Include="Compiler\Geometry">
      <UniqueIdentifier>{9B7F6D94-0796-6B2A-500D-F74BBC623CB2}</UniqueIdentifier>
    </Filter>
    <Filter Include="Compiler\ICompiler">
      <UniqueIdentifier>{D3F818AB-BFDC-D900-283D-D4531440C482}</UniqueIdentifier>
    </Filter>
    <Filter Include="Compiler\Prefabs">
      <UniqueIdentifier>{D276AFFD-BE6F-CE4F-E7A1-B3D4D3F9AD5B}</UniqueIdentifier>
    </Filter>
    <Filter Include="Compiler\Texture">
      <UniqueIdentifier>{A02FA514-8C28-C466-B55A-A9EBA1B2A372}</UniqueIdentifier>
    </Filter>
    <Filter Include="Source">
      <UniqueIdentifier>{56EB95D1-428D-C0A7-2B48-D4FB178947F8}</UniqueIdentifier>
    </Filter>
    <Filter Include="Compiler\Animation">
      <UniqueIdentifier>{218a11b3-0132-4c3c-a0a1-6e52f7a913e6}</UniqueIdentifier>
    </Filter>
  </ItemGroup>
  <ItemGroup>
    <ClInclude Include="Assimp\AssimpLoader.h">
      <Filter>Assimp</Filter>
    </ClInclude>
    <ClInclude Include="Compiler\Geometry\GeometryCompiler.h">
      <Filter>Compiler\Geometry</Filter>
    </ClInclude>
    <ClInclude Include="Compiler\ICompiler\Compilers.h">
      <Filter>Compiler\ICompiler</Filter>
    </ClInclude>
    <ClInclude Include="Compiler\Prefabs\PrefabsCompiler.h">
      <Filter>Compiler\Prefabs</Filter>
    </ClInclude>
    <ClInclude Include="Compiler\Texture\TextureCompiler.h">
      <Filter>Compiler\Texture</Filter>
    </ClInclude>
    <ClInclude Include="Source\Global.h">
      <Filter>Source</Filter>
    </ClInclude>
    <ClInclude Include="Source\pch.h">
      <Filter>Source</Filter>
    </ClInclude>
    <ClInclude Include="Compiler\Animation\AnimationCompiler.h">
      <Filter>Compiler\Animation</Filter>
    </ClInclude>
  </ItemGroup>
  <ItemGroup>
    <ClCompile Include="Assimp\AssimpLoader.cpp">
      <Filter>Assimp</Filter>
    </ClCompile>
    <ClCompile Include="Compiler\Geometry\GeometryCompiler.cpp">
      <Filter>Compiler\Geometry</Filter>
    </ClCompile>
    <ClCompile Include="Compiler\ICompiler\Compilers.cpp">
      <Filter>Compiler\ICompiler</Filter>
    </ClCompile>
    <ClCompile Include="Compiler\Prefabs\PrefabsCompiler.cpp">
      <Filter>Compiler\Prefabs</Filter>
    </ClCompile>
    <ClCompile Include="Compiler\Texture\TextureCompiler.cpp">
      <Filter>Compiler\Texture</Filter>
    </ClCompile>
    <ClCompile Include="Source\main.cpp">
      <Filter>Source</Filter>
    </ClCompile>
    <ClCompile Include="Source\pch.cpp">
      <Filter>Source</Filter>
    </ClCompile>
    <ClCompile Include="Compiler\Animation\AnimationCompiler.cpp">
      <Filter>Compiler\Animation</Filter>
    </ClCompile>
  </ItemGroup>
</Project>