<?xml version="1.0" encoding="utf-8"?>
<Project ToolsVersion="4.0" xmlns="http://schemas.microsoft.com/developer/msbuild/2003">
  <ItemGroup>
    <Filter Include="Source Files">
      <UniqueIdentifier>{4FC737F1-C7A5-4376-A066-2A32D752A2FF}</UniqueIdentifier>
      <Extensions>cpp;c;cc;cxx;c++;cppm;ixx;def;odl;idl;hpj;bat;asm;asmx</Extensions>
    </Filter>
    <Filter Include="Resource Files">
      <UniqueIdentifier>{67DA6AB6-F800-4c08-8B7A-83BB121AAD01}</UniqueIdentifier>
      <Extensions>rc;ico;cur;bmp;dlg;rc2;rct;bin;rgs;gif;jpg;jpeg;jpe;resx;tiff;tif;png;wav;mfcribbon-ms</Extensions>
    </Filter>
    <Filter Include="Compiler">
      <UniqueIdentifier>{d1435499-4604-46b6-933a-c5638a33f1e6}</UniqueIdentifier>
    </Filter>
    <Filter Include="Assimp">
      <UniqueIdentifier>{6715851a-b2bc-409b-b4d9-45b713fef1c1}</UniqueIdentifier>
    </Filter>
    <Filter Include="Compiler\Geometry">
      <UniqueIdentifier>{993d1861-ff54-417c-8b52-d4af137e0358}</UniqueIdentifier>
    </Filter>
    <Filter Include="Compiler\ICompiler">
      <UniqueIdentifier>{76f65c24-9a2d-4643-a231-7755eccfbc60}</UniqueIdentifier>
    </Filter>
  </ItemGroup>
  <ItemGroup>
    <ClCompile Include="main.cpp">
      <Filter>Source Files</Filter>
    </ClCompile>
    <ClCompile Include="pch.cpp" />
    <ClCompile Include="TinyXML\tinystr.cpp">
      <Filter>Source Files</Filter>
    </ClCompile>
    <ClCompile Include="TinyXML\tinyxml.cpp">
      <Filter>Source Files</Filter>
    </ClCompile>
    <ClCompile Include="TinyXML\tinyxmlerror.cpp">
      <Filter>Source Files</Filter>
    </ClCompile>
    <ClCompile Include="TinyXML\tinyxmlparser.cpp">
      <Filter>Source Files</Filter>
    </ClCompile>
    <ClCompile Include="AssimpLoader.cpp">
      <Filter>Assimp</Filter>
    </ClCompile>
    <ClCompile Include="Compilers.cpp">
      <Filter>Compiler\ICompiler</Filter>
    </ClCompile>
    <ClCompile Include="GeometryCompiler.cpp">
      <Filter>Compiler\Geometry</Filter>
    </ClCompile>
  </ItemGroup>
  <ItemGroup>
    <ClInclude Include="pch.h" />
    <ClInclude Include="CompilerSerializer.h" />
    <ClInclude Include="TinyXML\tinystr.h" />
    <ClInclude Include="TinyXML\tinyxml.h" />
    <ClInclude Include="AssimpLoader.h">
      <Filter>Assimp</Filter>
    </ClInclude>
    <ClInclude Include="Compilers.h">
      <Filter>Compiler\ICompiler</Filter>
    </ClInclude>
    <ClInclude Include="GeometryCompiler.h">
      <Filter>Compiler\Geometry</Filter>
    </ClInclude>
  </ItemGroup>
</Project>